Microsoft Visual Studio Solution File, Format Version 12.00
# Visual Studio Version 17
VisualStudioVersion = 17.0.31903.59
MinimumVisualStudioVersion = 10.0.40219.1
Project("{FAE04EC0-301F-11D3-BF4B-00C04F79EFBC}") = "MyMath", "MyMath\MyMath.csproj", "{C7786CEC-9A64-407F-9B69-34779FF28A5B}"
EndProject
Project("{FAE04EC0-301F-11D3-BF4B-00C04F79EFBC}") = "MyMath.Tests", "MyMath.Tests\MyMath.Tests.csproj", "{009E6590-119E-4671-B6A3-DD4734D675C5}"
EndProject
Global
	GlobalSection(SolutionConfigurationPlatforms) = preSolution
		Debug|Any CPU = Debug|Any CPU
		Release|Any CPU = Release|Any CPU
	EndGlobalSection
	GlobalSection(SolutionProperties) = preSolution
		HideSolutionNode = FALSE
	EndGlobalSection
	GlobalSection(ProjectConfigurationPlatforms) = postSolution
		{C7786CEC-9A64-407F-9B69-34779FF28A5B}.Debug|Any CPU.ActiveCfg = Debug|Any CPU
		{C7786CEC-9A64-407F-9B69-34779FF28A5B}.Debug|Any CPU.Build.0 = Debug|Any CPU
		{C7786CEC-9A64-407F-9B69-34779FF28A5B}.Release|Any CPU.ActiveCfg = Release|Any CPU
		{C7786CEC-9A64-407F-9B69-34779FF28A5B}.Release|Any CPU.Build.0 = Release|Any CPU
		{009E6590-119E-4671-B6A3-DD4734D675C5}.Debug|Any CPU.ActiveCfg = Debug|Any CPU
		{009E6590-119E-4671-B6A3-DD4734D675C5}.Debug|Any CPU.Build.0 = Debug|Any CPU
		{009E6590-119E-4671-B6A3-DD4734D675C5}.Release|Any CPU.ActiveCfg = Release|Any CPU
		{009E6590-119E-4671-B6A3-DD4734D675C5}.Release|Any CPU.Build.0 = Release|Any CPU
	EndGlobalSection
EndGlobal