
Microsoft Visual Studio Solution File, Format Version 12.00
# Visual Studio Version 17
VisualStudioVersion = 17.5.002.0
MinimumVisualStudioVersion = 10.0.40219.1
Project("{9A19103F-16F7-4668-BE54-9A1E7A4F7556}") = "3-magnitude", "3-magnitude.csproj", "{0E6334ED-282C-415E-AB09-427FB180C077}"
EndProject
Global
	GlobalSection(SolutionConfigurationPlatforms) = preSolution
		Debug|Any CPU = Debug|Any CPU
		Release|Any CPU = Release|Any CPU
	EndGlobalSection
	GlobalSection(ProjectConfigurationPlatforms) = postSolution
		{0E6334ED-282C-415E-AB09-427FB180C077}.Debug|Any CPU.ActiveCfg = Debug|Any CPU
		{0E6334ED-282C-415E-AB09-427FB180C077}.Debug|Any CPU.Build.0 = Debug|Any CPU
		{0E6334ED-282C-415E-AB09-427FB180C077}.Release|Any CPU.ActiveCfg = Release|Any CPU
		{0E6334ED-282C-415E-AB09-427FB180C077}.Release|Any CPU.Build.0 = Release|Any CPU
	EndGlobalSection
	GlobalSection(SolutionProperties) = preSolution
		HideSolutionNode = FALSE
	EndGlobalSection
	GlobalSection(ExtensibilityGlobals) = postSolution
		SolutionGuid = {1C105C3E-2670-41C8-A3E2-9AA6E30ADCC9}
	EndGlobalSection
EndGlobal