
Microsoft Visual Studio Solution File, Format Version 12.00
# Visual Studio Version 17
VisualStudioVersion = 17.5.002.0
MinimumVisualStudioVersion = 10.0.40219.1
Project("{9A19103F-16F7-4668-BE54-9A1E7A4F7556}") = "20-matrix_rotate_2D", "20-matrix_rotate_2D.csproj", "{8BBA04DD-4345-4030-85C7-E4AF4AC4F281}"
EndProject
Global
	GlobalSection(SolutionConfigurationPlatforms) = preSolution
		Debug|Any CPU = Debug|Any CPU
		Release|Any CPU = Release|Any CPU
	EndGlobalSection
	GlobalSection(ProjectConfigurationPlatforms) = postSolution
		{8BBA04DD-4345-4030-85C7-E4AF4AC4F281}.Debug|Any CPU.ActiveCfg = Debug|Any CPU
		{8BBA04DD-4345-4030-85C7-E4AF4AC4F281}.Debug|Any CPU.Build.0 = Debug|Any CPU
		{8BBA04DD-4345-4030-85C7-E4AF4AC4F281}.Release|Any CPU.ActiveCfg = Release|Any CPU
		{8BBA04DD-4345-4030-85C7-E4AF4AC4F281}.Release|Any CPU.Build.0 = Release|Any CPU
	EndGlobalSection
	GlobalSection(SolutionProperties) = preSolution
		HideSolutionNode = FALSE
	EndGlobalSection
	GlobalSection(ExtensibilityGlobals) = postSolution
		SolutionGuid = {52114310-34CC-45EA-A8B1-10D2F3719C97}
	EndGlobalSection
EndGlobal