
Microsoft Visual Studio Solution File, Format Version 12.00
# Visual Studio Version 17
VisualStudioVersion = 17.5.002.0
MinimumVisualStudioVersion = 10.0.40219.1
Project("{9A19103F-16F7-4668-BE54-9A1E7A4F7556}") = "Calculations", "Calculations\Calculations.csproj", "{05A81DF9-D551-4DA4-B2CE-5008B4F1D268}"
EndProject
Global
	GlobalSection(SolutionConfigurationPlatforms) = preSolution
		Debug|Any CPU = Debug|Any CPU
		Release|Any CPU = Release|Any CPU
	EndGlobalSection
	GlobalSection(ProjectConfigurationPlatforms) = postSolution
		{05A81DF9-D551-4DA4-B2CE-5008B4F1D268}.Debug|Any CPU.ActiveCfg = Debug|Any CPU
		{05A81DF9-D551-4DA4-B2CE-5008B4F1D268}.Debug|Any CPU.Build.0 = Debug|Any CPU
		{05A81DF9-D551-4DA4-B2CE-5008B4F1D268}.Release|Any CPU.ActiveCfg = Release|Any CPU
		{05A81DF9-D551-4DA4-B2CE-5008B4F1D268}.Release|Any CPU.Build.0 = Release|Any CPU
	EndGlobalSection
	GlobalSection(SolutionProperties) = preSolution
		HideSolutionNode = FALSE
	EndGlobalSection
	GlobalSection(ExtensibilityGlobals) = postSolution
		SolutionGuid = {20E0CA9A-1B0F-4CC4-B81C-37F947B88A72}
	EndGlobalSection
EndGlobal